// !$*UTF8*$!
{
	archiveVersion = 1;
	classes = {
	};
	objectVersion = 48;
	objects = {

/* Begin PBXBuildFile section */
		1D0C27BA20524AC000DF86F4 /* AppDelegate.swift in Sources */ = {isa = PBXBuildFile; fileRef = 1D0C27B920524AC000DF86F4 /* AppDelegate.swift */; };
		1D0C27BC20524AC000DF86F4 /* ViewController.swift in Sources */ = {isa = PBXBuildFile; fileRef = 1D0C27BB20524AC000DF86F4 /* ViewController.swift */; };
		1D0C27BF20524AC000DF86F4 /* Main.storyboard in Resources */ = {isa = PBXBuildFile; fileRef = 1D0C27BD20524AC000DF86F4 /* Main.storyboard */; };
		1D0C27C120524AC000DF86F4 /* Assets.xcassets in Resources */ = {isa = PBXBuildFile; fileRef = 1D0C27C020524AC000DF86F4 /* Assets.xcassets */; };
		1D0C27C420524AC000DF86F4 /* LaunchScreen.storyboard in Resources */ = {isa = PBXBuildFile; fileRef = 1D0C27C220524AC000DF86F4 /* LaunchScreen.storyboard */; };
		1D0C27CF2052503100DF86F4 /* RMFloatingViewController.swift in Sources */ = {isa = PBXBuildFile; fileRef = 1D0C27CE2052503100DF86F4 /* RMFloatingViewController.swift */; };
		1D0C27D12052504100DF86F4 /* RMFloatingButton.swift in Sources */ = {isa = PBXBuildFile; fileRef = 1D0C27D02052504100DF86F4 /* RMFloatingButton.swift */; };
		1D0C27D32052515300DF86F4 /* RMFloating+UIColor.swift in Sources */ = {isa = PBXBuildFile; fileRef = 1D0C27D22052515300DF86F4 /* RMFloating+UIColor.swift */; };
/* End PBXBuildFile section */

/* Begin PBXFileReference section */
		1D0C27B620524AC000DF86F4 /* RMFloatingAction.app */ = {isa = PBXFileReference; explicitFileType = wrapper.application; includeInIndex = 0; path = RMFloatingAction.app; sourceTree = BUILT_PRODUCTS_DIR; };
		1D0C27B920524AC000DF86F4 /* AppDelegate.swift */ = {isa = PBXFileReference; lastKnownFileType = sourcecode.swift; path = AppDelegate.swift; sourceTree = "<group>"; };
		1D0C27BB20524AC000DF86F4 /* ViewController.swift */ = {isa = PBXFileReference; lastKnownFileType = sourcecode.swift; path = ViewController.swift; sourceTree = "<group>"; };
		1D0C27BE20524AC000DF86F4 /* Base */ = {isa = PBXFileReference; lastKnownFileType = file.storyboard; name = Base; path = Base.lproj/Main.storyboard; sourceTree = "<group>"; };
		1D0C27C020524AC000DF86F4 /* Assets.xcassets */ = {isa = PBXFileReference; lastKnownFileType = folder.assetcatalog; path = Assets.xcassets; sourceTree = "<group>"; };
		1D0C27C320524AC000DF86F4 /* Base */ = {isa = PBXFileReference; lastKnownFileType = file.storyboard; name = Base; path = Base.lproj/LaunchScreen.storyboard; sourceTree = "<group>"; };
		1D0C27C520524AC000DF86F4 /* Info.plist */ = {isa = PBXFileReference; lastKnownFileType = text.plist.xml; path = Info.plist; sourceTree = "<group>"; };
		1D0C27CE2052503100DF86F4 /* RMFloatingViewController.swift */ = {isa = PBXFileReference; fileEncoding = 4; lastKnownFileType = sourcecode.swift; path = RMFloatingViewController.swift; sourceTree = "<group>"; };
		1D0C27D02052504100DF86F4 /* RMFloatingButton.swift */ = {isa = PBXFileReference; lastKnownFileType = sourcecode.swift; path = RMFloatingButton.swift; sourceTree = "<group>"; };
		1D0C27D22052515300DF86F4 /* RMFloating+UIColor.swift */ = {isa = PBXFileReference; lastKnownFileType = sourcecode.swift; path = "RMFloating+UIColor.swift"; sourceTree = "<group>"; };
/* End PBXFileReference section */

/* Begin PBXFrameworksBuildPhase section */
		1D0C27B320524AC000DF86F4 /* Frameworks */ = {
			isa = PBXFrameworksBuildPhase;
			buildActionMask = 2147483647;
			files = (
			);
			runOnlyForDeploymentPostprocessing = 0;
		};
/* End PBXFrameworksBuildPhase section */

/* Begin PBXGroup section */
		1D0C27AD20524AC000DF86F4 = {
			isa = PBXGroup;
			children = (
				1D0C27CD2052503100DF86F4 /* Source */,
				1D0C27B820524AC000DF86F4 /* RMFloatingAction */,
				1D0C27B720524AC000DF86F4 /* Products */,
			);
			sourceTree = "<group>";
		};
		1D0C27B720524AC000DF86F4 /* Products */ = {
			isa = PBXGroup;
			children = (
				1D0C27B620524AC000DF86F4 /* RMFloatingAction.app */,
			);
			name = Products;
			sourceTree = "<group>";
		};
		1D0C27B820524AC000DF86F4 /* RMFloatingAction */ = {
			isa = PBXGroup;
			children = (
				1D0C27B920524AC000DF86F4 /* AppDelegate.swift */,
				1D0C27BB20524AC000DF86F4 /* ViewController.swift */,
				1D0C27BD20524AC000DF86F4 /* Main.storyboard */,
				1D0C27C020524AC000DF86F4 /* Assets.xcassets */,
				1D0C27C220524AC000DF86F4 /* LaunchScreen.storyboard */,
				1D0C27C520524AC000DF86F4 /* Info.plist */,
			);
			path = RMFloatingAction;
			sourceTree = "<group>";
		};
		1D0C27CD2052503100DF86F4 /* Source */ = {
			isa = PBXGroup;
			children = (
				1D0C27CE2052503100DF86F4 /* RMFloatingViewController.swift */,
				1D0C27D02052504100DF86F4 /* RMFloatingButton.swift */,
				1D0C27D22052515300DF86F4 /* RMFloating+UIColor.swift */,
			);
			path = Source;
			sourceTree = "<group>";
		};
/* End PBXGroup section */

/* Begin PBXNativeTarget section */
		1D0C27B520524AC000DF86F4 /* RMFloatingAction */ = {
			isa = PBXNativeTarget;
			buildConfigurationList = 1D0C27C820524AC000DF86F4 /* Build configuration list for PBXNativeTarget "RMFloatingAction" */;
			buildPhases = (
				1D0C27B220524AC000DF86F4 /* Sources */,
				1D0C27B320524AC000DF86F4 /* Frameworks */,
				1D0C27B420524AC000DF86F4 /* Resources */,
			);
			buildRules = (
			);
			dependencies = (
			);
			name = RMFloatingAction;
			productName = RMFloatingAction;
			productReference = 1D0C27B620524AC000DF86F4 /* RMFloatingAction.app */;
			productType = "com.apple.product-type.application";
		};
/* End PBXNativeTarget section */

/* Begin PBXProject section */
		1D0C27AE20524AC000DF86F4 /* Project object */ = {
			isa = PBXProject;
			attributes = {
				LastSwiftUpdateCheck = 0920;
				LastUpgradeCheck = 0920;
				ORGANIZATIONNAME = "Roger Molas";
				TargetAttributes = {
					1D0C27B520524AC000DF86F4 = {
						CreatedOnToolsVersion = 9.2;
						ProvisioningStyle = Automatic;
					};
				};
			};
			buildConfigurationList = 1D0C27B120524AC000DF86F4 /* Build configuration list for PBXProject "RMFloatingAction" */;
			compatibilityVersion = "Xcode 8.0";
			developmentRegion = en;
			hasScannedForEncodings = 0;
			knownRegions = (
				en,
				Base,
			);
			mainGroup = 1D0C27AD20524AC000DF86F4;
			productRefGroup = 1D0C27B720524AC000DF86F4 /* Products */;
			projectDirPath = "";
			projectRoot = "";
			targets = (
				1D0C27B520524AC000DF86F4 /* RMFloatingAction */,
			);
		};
/* End PBXProject section */

/* Begin PBXResourcesBuildPhase section */
		1D0C27B420524AC000DF86F4 /* Resources */ = {
			isa = PBXResourcesBuildPhase;
			buildActionMask = 2147483647;
			files = (
				1D0C27C420524AC000DF86F4 /* LaunchScreen.storyboard in Resources */,
				1D0C27C120524AC000DF86F4 /* Assets.xcassets in Resources */,
				1D0C27BF20524AC000DF86F4 /* Main.storyboard in Resources */,
			);
			runOnlyForDeploymentPostprocessing = 0;
		};
/* End PBXResourcesBuildPhase section */

/* Begin PBXSourcesBuildPhase section */
		1D0C27B220524AC000DF86F4 /* Sources */ = {
			isa = PBXSourcesBuildPhase;
			buildActionMask = 2147483647;
			files = (
				1D0C27D12052504100DF86F4 /* RMFloatingButton.swift in Sources */,
				1D0C27CF2052503100DF86F4 /* RMFloatingViewController.swift in Sources */,
				1D0C27BC20524AC000DF86F4 /* ViewController.swift in Sources */,
				1D0C27D32052515300DF86F4 /* RMFloating+UIColor.swift in Sources */,
				1D0C27BA20524AC000DF86F4 /* AppDelegate.swift in Sources */,
			);
			runOnlyForDeploymentPostprocessing = 0;
		};
/* End PBXSourcesBuildPhase section */

/* Begin PBXVariantGroup section */
		1D0C27BD20524AC000DF86F4 /* Main.storyboard */ = {
			isa = PBXVariantGroup;
			children = (
				1D0C27BE20524AC000DF86F4 /* Base */,
			);
			name = Main.storyboard;
			sourceTree = "<group>";
		};
		1D0C27C220524AC000DF86F4 /* LaunchScreen.storyboard */ = {
			isa = PBXVariantGroup;
			children = (
				1D0C27C320524AC000DF86F4 /* Base */,
			);
			name = LaunchScreen.storyboard;
			sourceTree = "<group>";
		};
/* End PBXVariantGroup section */

/* Begin XCBuildConfiguration section */
		1D0C27C620524AC000DF86F4 /* Debug */ = {
			isa = XCBuildConfiguration;
			buildSettings = {
				ALWAYS_SEARCH_USER_PATHS = NO;
				CLANG_ANALYZER_NONNULL = YES;
				CLANG_ANALYZER_NUMBER_OBJECT_CONVERSION = YES_AGGRESSIVE;
				CLANG_CXX_LANGUAGE_STANDARD = "gnu++14";
				CLANG_CXX_LIBRARY = "libc++";
				CLANG_ENABLE_MODULES = YES;
				CLANG_ENABLE_OBJC_ARC = YES;
				CLANG_WARN_BLOCK_CAPTURE_AUTORELEASING = YES;
				CLANG_WARN_BOOL_CONVERSION = YES;
				CLANG_WARN_COMMA = YES;
				CLANG_WARN_CONSTANT_CONVERSION = YES;
				CLANG_WARN_DIRECT_OBJC_ISA_USAGE = YES_ERROR;
				CLANG_WARN_DOCUMENTATION_COMMENTS = YES;
				CLANG_WARN_EMPTY_BODY = YES;
				CLANG_WARN_ENUM_CONVERSION = YES;
				CLANG_WARN_INFINITE_RECURSION = YES;
				CLANG_WARN_INT_CONVERSION = YES;
				CLANG_WARN_NON_LITERAL_NULL_CONVERSION = YES;
				CLANG_WARN_OBJC_LITERAL_CONVERSION = YES;
				CLANG_WARN_OBJC_ROOT_CLASS = YES_ERROR;
				CLANG_WARN_RANGE_LOOP_ANALYSIS = YES;
				CLANG_WARN_STRICT_PROTOTYPES = YES;
				CLANG_WARN_SUSPICIOUS_MOVE = YES;
				CLANG_WARN_UNGUARDED_AVAILABILITY = YES_AGGRESSIVE;
				CLANG_WARN_UNREACHABLE_CODE = YES;
				CLANG_WARN__DUPLICATE_METHOD_MATCH = YES;
				CODE_SIGN_IDENTITY = "iPhone Developer";
				COPY_PHASE_STRIP = NO;
				DEBUG_INFORMATION_FORMAT = dwarf;
				ENABLE_STRICT_OBJC_MSGSEND = YES;
				ENABLE_TESTABILITY = YES;
				GCC_C_LANGUAGE_STANDARD = gnu11;
				GCC_DYNAMIC_NO_PIC = NO;
				GCC_NO_COMMON_BLOCKS = YES;
				GCC_OPTIMIZATION_LEVEL = 0;
				GCC_PREPROCESSOR_DEFINITIONS = (
					"DEBUG=1",
					"$(inherited)",
				);
				GCC_WARN_64_TO_32_BIT_CONVERSION = YES;
				GCC_WARN_ABOUT_RETURN_TYPE = YES_ERROR;
				GCC_WARN_UNDECLARED_SELECTOR = YES;
				GCC_WARN_UNINITIALIZED_AUTOS = YES_AGGRESSIVE;
				GCC_WARN_UNUSED_FUNCTION = YES;
				GCC_WARN_UNUSED_VARIABLE = YES;
				IPHONEOS_DEPLOYMENT_TARGET = 10.0;
				MTL_ENABLE_DEBUG_INFO = YES;
				ONLY_ACTIVE_ARCH = YES;
				SDKROOT = iphoneos;
				SWIFT_ACTIVE_COMPILATION_CONDITIONS = DEBUG;
				SWIFT_OPTIMIZATION_LEVEL = "-Onone";
			};
			name = Debug;
		};
		1D0C27C720524AC000DF86F4 /* Release */ = {
			isa = XCBuildConfiguration;
			buildSettings = {
				ALWAYS_SEARCH_USER_PATHS = NO;
				CLANG_ANALYZER_NONNULL = YES;
				CLANG_ANALYZER_NUMBER_OBJECT_CONVERSION = YES_AGGRESSIVE;
				CLANG_CXX_LANGUAGE_STANDARD = "gnu++14";
				CLANG_CXX_LIBRARY = "libc++";
				CLANG_ENABLE_MODULES = YES;
				CLANG_ENABLE_OBJC_ARC = YES;
				CLANG_WARN_BLOCK_CAPTURE_AUTORELEASING = YES;
				CLANG_WARN_BOOL_CONVERSION = YES;
				CLANG_WARN_COMMA = YES;
				CLANG_WARN_CONSTANT_CONVERSION = YES;
				CLANG_WARN_DIRECT_OBJC_ISA_USAGE = YES_ERROR;
				CLANG_WARN_DOCUMENTATION_COMMENTS = YES;
				CLANG_WARN_EMPTY_BODY = YES;
				CLANG_WARN_ENUM_CONVERSION = YES;
				CLANG_WARN_INFINITE_RECURSION = YES;
				CLANG_WARN_INT_CONVERSION = YES;
				CLANG_WARN_NON_LITERAL_NULL_CONVERSION = YES;
				CLANG_WARN_OBJC_LITERAL_CONVERSION = YES;
				CLANG_WARN_OBJC_ROOT_CLASS = YES_ERROR;
				CLANG_WARN_RANGE_LOOP_ANALYSIS = YES;
				CLANG_WARN_STRICT_PROTOTYPES = YES;
				CLANG_WARN_SUSPICIOUS_MOVE = YES;
				CLANG_WARN_UNGUARDED_AVAILABILITY = YES_AGGRESSIVE;
				CLANG_WARN_UNREACHABLE_CODE = YES;
				CLANG_WARN__DUPLICATE_METHOD_MATCH = YES;
				CODE_SIGN_IDENTITY = "iPhone Developer";
				COPY_PHASE_STRIP = NO;
				DEBUG_INFORMATION_FORMAT = "dwarf-with-dsym";
				ENABLE_NS_ASSERTIONS = NO;
				ENABLE_STRICT_OBJC_MSGSEND = YES;
				GCC_C_LANGUAGE_STANDARD = gnu11;
				GCC_NO_COMMON_BLOCKS = YES;
				GCC_WARN_64_TO_32_BIT_CONVERSION = YES;
				GCC_WARN_ABOUT_RETURN_TYPE = YES_ERROR;
				GCC_WARN_UNDECLARED_SELECTOR = YES;
				GCC_WARN_UNINITIALIZED_AUTOS = YES_AGGRESSIVE;
				GCC_WARN_UNUSED_FUNCTION = YES;
				GCC_WARN_UNUSED_VARIABLE = YES;
				IPHONEOS_DEPLOYMENT_TARGET = 10.0;
				MTL_ENABLE_DEBUG_INFO = NO;
				SDKROOT = iphoneos;
				SWIFT_OPTIMIZATION_LEVEL = "-Owholemodule";
				VALIDATE_PRODUCT = YES;
			};
			name = Release;
		};
		1D0C27C920524AC000DF86F4 /* Debug */ = {
			isa = XCBuildConfiguration;
			buildSettings = {
				ASSETCATALOG_COMPILER_APPICON_NAME = AppIcon;
				CODE_SIGN_STYLE = Automatic;
				DEVELOPMENT_TEAM = T824KGD436;
				INFOPLIST_FILE = RMFloatingAction/Info.plist;
				LD_RUNPATH_SEARCH_PATHS = "$(inherited) @executable_path/Frameworks";
				PRODUCT_BUNDLE_IDENTIFIER = com.rogermolas.RMFloatingAction;
				PRODUCT_NAME = "$(TARGET_NAME)";
				SWIFT_VERSION = 4.0;
				TARGETED_DEVICE_FAMILY = "1,2";
			};
			name = Debug;
		};
		1D0C27CA20524AC000DF86F4 /* Release */ = {
			isa = XCBuildConfiguration;
			buildSettings = {
				ASSETCATALOG_COMPILER_APPICON_NAME = AppIcon;
				CODE_SIGN_STYLE = Automatic;
				DEVELOPMENT_TEAM = T824KGD436;
				INFOPLIST_FILE = RMFloatingAction/Info.plist;
				LD_RUNPATH_SEARCH_PATHS = "$(inherited) @executable_path/Frameworks";
				PRODUCT_BUNDLE_IDENTIFIER = com.rogermolas.RMFloatingAction;
				PRODUCT_NAME = "$(TARGET_NAME)";
				SWIFT_VERSION = 4.0;
				TARGETED_DEVICE_FAMILY = "1,2";
			};
			name = Release;
		};
/* End XCBuildConfiguration section */

/* Begin XCConfigurationList section */
		1D0C27B120524AC000DF86F4 /* Build configuration list for PBXProject "RMFloatingAction" */ = {
			isa = XCConfigurationList;
			buildConfigurations = (
				1D0C27C620524AC000DF86F4 /* Debug */,
				1D0C27C720524AC000DF86F4 /* Release */,
			);
			defaultConfigurationIsVisible = 0;
			defaultConfigurationName = Release;
		};
		1D0C27C820524AC000DF86F4 /* Build configuration list for PBXNativeTarget "RMFloatingAction" */ = {
			isa = XCConfigurationList;
			buildConfigurations = (
				1D0C27C920524AC000DF86F4 /* Debug */,
				1D0C27CA20524AC000DF86F4 /* Release */,
			);
			defaultConfigurationIsVisible = 0;
			defaultConfigurationName = Release;
		};
/* End XCConfigurationList section */
	};
	rootObject = 1D0C27AE20524AC000DF86F4 /* Project object */;
}
